
Microsoft Visual Studio Solution File, Format Version 12.00
# Visual Studio Version 17
VisualStudioVersion = 17.0.33829.163
MinimumVisualStudioVersion = 10.0.40219.1
Project("{2150E333-8FDC-42A3-9474-1A3956D46DE8}") = "Solution Items", "Solution Items", "{BE54AAC5-3EA6-4C19-A2CD-7B1027866C61}"
	ProjectSection(SolutionItems) = preProject
		..\.gitignore = ..\.gitignore
	EndProjectSection
EndProject
Project("{2150E333-8FDC-42A3-9474-1A3956D46DE8}") = "src", "src", "{AD84C9D8-79EB-49D1-8A88-8E4334AA072F}"
EndProject
Project("{2150E333-8FDC-42A3-9474-1A3956D46DE8}") = "tests", "tests", "{02A7BC8B-88B7-450A-9399-2D23D818FBB7}"
EndProject
Project("{2150E333-8FDC-42A3-9474-1A3956D46DE8}") = "Core", "Core", "{CA4EE66E-3C36-49A0-B8CD-BEA33C7EE2D3}"
EndProject
Project("{2150E333-8FDC-42A3-9474-1A3956D46DE8}") = "External", "External", "{3DF401BC-5E33-4A99-9EC1-43D7804E34C3}"
EndProject
Project("{2150E333-8FDC-42A3-9474-1A3956D46DE8}") = "Services", "Services", "{AC16B14E-FE5C-41A4-A155-D4927B546A5A}"
EndProject
Project("{9A19103F-16F7-4668-BE54-9A1E7A4F7556}") = "Domain", "..\Domain\Domain.csproj", "{35864E19-1884-4B71-ACF6-1CBD588D445A}"
EndProject
Project("{9A19103F-16F7-4668-BE54-9A1E7A4F7556}") = "Infrastructure", "..\Infrastructure\Infrastructure.csproj", "{3E41DE10-6A98-426B-A2D3-FF93C02B90E0}"
EndProject
Project("{9A19103F-16F7-4668-BE54-9A1E7A4F7556}") = "Persistence", "..\Persistence\Persistence.csproj", "{868EB091-98E1-4C5B-A374-F37FAEF6750D}"
EndProject
Project("{9A19103F-16F7-4668-BE54-9A1E7A4F7556}") = "Web.API", "..\Web.API\Web.API.csproj", "{367E9910-4C58-47A5-995C-6D036400B9F8}"
EndProject
Project("{9A19103F-16F7-4668-BE54-9A1E7A4F7556}") = "Application", "..\Application\Application.csproj", "{6A212881-4267-4D9A-872A-A86753F31E3D}"
EndProject
Global
	GlobalSection(SolutionConfigurationPlatforms) = preSolution
		Debug|Any CPU = Debug|Any CPU
		Release|Any CPU = Release|Any CPU
	EndGlobalSection
	GlobalSection(ProjectConfigurationPlatforms) = postSolution
		{35864E19-1884-4B71-ACF6-1CBD588D445A}.Debug|Any CPU.ActiveCfg = Debug|Any CPU
		{35864E19-1884-4B71-ACF6-1CBD588D445A}.Debug|Any CPU.Build.0 = Debug|Any CPU
		{35864E19-1884-4B71-ACF6-1CBD588D445A}.Release|Any CPU.ActiveCfg = Release|Any CPU
		{35864E19-1884-4B71-ACF6-1CBD588D445A}.Release|Any CPU.Build.0 = Release|Any CPU
		{3E41DE10-6A98-426B-A2D3-FF93C02B90E0}.Debug|Any CPU.ActiveCfg = Debug|Any CPU
		{3E41DE10-6A98-426B-A2D3-FF93C02B90E0}.Debug|Any CPU.Build.0 = Debug|Any CPU
		{3E41DE10-6A98-426B-A2D3-FF93C02B90E0}.Release|Any CPU.ActiveCfg = Release|Any CPU
		{3E41DE10-6A98-426B-A2D3-FF93C02B90E0}.Release|Any CPU.Build.0 = Release|Any CPU
		{868EB091-98E1-4C5B-A374-F37FAEF6750D}.Debug|Any CPU.ActiveCfg = Debug|Any CPU
		{868EB091-98E1-4C5B-A374-F37FAEF6750D}.Debug|Any CPU.Build.0 = Debug|Any CPU
		{868EB091-98E1-4C5B-A374-F37FAEF6750D}.Release|Any CPU.ActiveCfg = Release|Any CPU
		{868EB091-98E1-4C5B-A374-F37FAEF6750D}.Release|Any CPU.Build.0 = Release|Any CPU
		{367E9910-4C58-47A5-995C-6D036400B9F8}.Debug|Any CPU.ActiveCfg = Debug|Any CPU
		{367E9910-4C58-47A5-995C-6D036400B9F8}.Debug|Any CPU.Build.0 = Debug|Any CPU
		{367E9910-4C58-47A5-995C-6D036400B9F8}.Release|Any CPU.ActiveCfg = Release|Any CPU
		{367E9910-4C58-47A5-995C-6D036400B9F8}.Release|Any CPU.Build.0 = Release|Any CPU
		{6A212881-4267-4D9A-872A-A86753F31E3D}.Debug|Any CPU.ActiveCfg = Debug|Any CPU
		{6A212881-4267-4D9A-872A-A86753F31E3D}.Debug|Any CPU.Build.0 = Debug|Any CPU
		{6A212881-4267-4D9A-872A-A86753F31E3D}.Release|Any CPU.ActiveCfg = Release|Any CPU
		{6A212881-4267-4D9A-872A-A86753F31E3D}.Release|Any CPU.Build.0 = Release|Any CPU
	EndGlobalSection
	GlobalSection(SolutionProperties) = preSolution
		HideSolutionNode = FALSE
	EndGlobalSection
	GlobalSection(NestedProjects) = preSolution
		{CA4EE66E-3C36-49A0-B8CD-BEA33C7EE2D3} = {AD84C9D8-79EB-49D1-8A88-8E4334AA072F}
		{3DF401BC-5E33-4A99-9EC1-43D7804E34C3} = {AD84C9D8-79EB-49D1-8A88-8E4334AA072F}
		{AC16B14E-FE5C-41A4-A155-D4927B546A5A} = {AD84C9D8-79EB-49D1-8A88-8E4334AA072F}
		{35864E19-1884-4B71-ACF6-1CBD588D445A} = {CA4EE66E-3C36-49A0-B8CD-BEA33C7EE2D3}
		{3E41DE10-6A98-426B-A2D3-FF93C02B90E0} = {3DF401BC-5E33-4A99-9EC1-43D7804E34C3}
		{868EB091-98E1-4C5B-A374-F37FAEF6750D} = {3DF401BC-5E33-4A99-9EC1-43D7804E34C3}
		{367E9910-4C58-47A5-995C-6D036400B9F8} = {AC16B14E-FE5C-41A4-A155-D4927B546A5A}
		{6A212881-4267-4D9A-872A-A86753F31E3D} = {CA4EE66E-3C36-49A0-B8CD-BEA33C7EE2D3}
	EndGlobalSection
	GlobalSection(ExtensibilityGlobals) = postSolution
		SolutionGuid = {98FFF80C-4086-41A1-8DC3-2BC2266118F9}
	EndGlobalSection
EndGlobal
